
Microsoft Visual Studio Solution File, Format Version 12.00
# Visual Studio Version 16
VisualStudioVersion = 16.0.30413.136
MinimumVisualStudioVersion = 10.0.40219.1
Project("{888888A0-9F3D-457C-B088-3A5042F75D52}") = "TunniPlan", "TunniPlan.pyproj", "{BAA782B1-3FDF-4D42-834D-CA66337BA013}"
EndProject
Global
	GlobalSection(SolutionConfigurationPlatforms) = preSolution
		Debug|Any CPU = Debug|Any CPU
		Release|Any CPU = Release|Any CPU
	EndGlobalSection
	GlobalSection(ProjectConfigurationPlatforms) = postSolution
		{BAA782B1-3FDF-4D42-834D-CA66337BA013}.Debug|Any CPU.ActiveCfg = Debug|Any CPU
		{BAA782B1-3FDF-4D42-834D-CA66337BA013}.Release|Any CPU.ActiveCfg = Release|Any CPU
	EndGlobalSection
	GlobalSection(SolutionProperties) = preSolution
		HideSolutionNode = FALSE
	EndGlobalSection
	GlobalSection(ExtensibilityGlobals) = postSolution
		SolutionGuid = {0AC889C2-30C1-4D13-9C5C-075C209138AE}
	EndGlobalSection
EndGlobal
